{
  "version": "5",
  "specifiers": {
    "jsr:@std/assert@1.0.13": "1.0.13",
    "jsr:@std/internal@^1.0.6": "1.0.14"
  },
  "jsr": {
    "@std/assert@1.0.13": {
      "integrity": "ae0d31e41919b12c656c742b22522c32fb26ed0cba32975cb0de2a273cb68b29",
      "dependencies": [
        "jsr:@std/internal"
      ]
    },
    "@std/internal@1.0.14": {
      "integrity": "291516b3d4c35024d6ffbc0a9df5bf4c64116e05b50012cf846710152d2ffdf7"
    }
  },
  "workspace": {
    "dependencies": [
      "jsr:@std/assert@1.0.13",
      "npm:@electric-sql/pglite@0.3.3",
      "npm:@noble/hashes@1.8.0",
      "npm:jose@5.10.0",
      "npm:postgres@3.4.5",
      "npm:zod@3.24.2"
    ]
  }
}
